
Microsoft Visual Studio Solution File, Format Version 12.00
# Visual Studio Version 17
VisualStudioVersion = 17.6.33723.286
MinimumVisualStudioVersion = 10.0.40219.1
Project("{FAE04EC0-301F-11D3-BF4B-00C04F79EFBC}") = "task_15.6.6", "task_15.6.6\task_15.6.6.csproj", "{E6300AEA-019F-477A-AD7A-4AA1F2520FF2}"
EndProject
Global
	GlobalSection(SolutionConfigurationPlatforms) = preSolution
		Debug|Any CPU = Debug|Any CPU
		Release|Any CPU = Release|Any CPU
	EndGlobalSection
	GlobalSection(ProjectConfigurationPlatforms) = postSolution
		{E6300AEA-019F-477A-AD7A-4AA1F2520FF2}.Debug|Any CPU.ActiveCfg = Debug|Any CPU
		{E6300AEA-019F-477A-AD7A-4AA1F2520FF2}.Debug|Any CPU.Build.0 = Debug|Any CPU
		{E6300AEA-019F-477A-AD7A-4AA1F2520FF2}.Release|Any CPU.ActiveCfg = Release|Any CPU
		{E6300AEA-019F-477A-AD7A-4AA1F2520FF2}.Release|Any CPU.Build.0 = Release|Any CPU
	EndGlobalSection
	GlobalSection(SolutionProperties) = preSolution
		HideSolutionNode = FALSE
	EndGlobalSection
	GlobalSection(ExtensibilityGlobals) = postSolution
		SolutionGuid = {7FC8F040-DBE4-49F6-BE08-EB52EB7D7E1E}
	EndGlobalSection
EndGlobal
